
Microsoft Visual Studio Solution File, Format Version 12.00
# Visual Studio 15
VisualStudioVersion = 15.0.28307.779
MinimumVisualStudioVersion = 10.0.40219.1
Project("{FAE04EC0-301F-11D3-BF4B-00C04F79EFBC}") = "MT", "MT\MT.csproj", "{E1DFE4D7-6890-403E-90E9-A94EE7E93027}"
EndProject
Project("{FAE04EC0-301F-11D3-BF4B-00C04F79EFBC}") = "Models", "Models\Models.csproj", "{624DF86C-BF91-4A11-B07D-7D4C52E39CE9}"
EndProject
Global
	GlobalSection(SolutionConfigurationPlatforms) = preSolution
		Debug|Any CPU = Debug|Any CPU
		Release|Any CPU = Release|Any CPU
	EndGlobalSection
	GlobalSection(ProjectConfigurationPlatforms) = postSolution
		{E1DFE4D7-6890-403E-90E9-A94EE7E93027}.Debug|Any CPU.ActiveCfg = Debug|Any CPU
		{E1DFE4D7-6890-403E-90E9-A94EE7E93027}.Debug|Any CPU.Build.0 = Debug|Any CPU
		{E1DFE4D7-6890-403E-90E9-A94EE7E93027}.Release|Any CPU.ActiveCfg = Release|Any CPU
		{E1DFE4D7-6890-403E-90E9-A94EE7E93027}.Release|Any CPU.Build.0 = Release|Any CPU
		{624DF86C-BF91-4A11-B07D-7D4C52E39CE9}.Debug|Any CPU.ActiveCfg = Debug|Any CPU
		{624DF86C-BF91-4A11-B07D-7D4C52E39CE9}.Debug|Any CPU.Build.0 = Debug|Any CPU
		{624DF86C-BF91-4A11-B07D-7D4C52E39CE9}.Release|Any CPU.ActiveCfg = Release|Any CPU
		{624DF86C-BF91-4A11-B07D-7D4C52E39CE9}.Release|Any CPU.Build.0 = Release|Any CPU
	EndGlobalSection
	GlobalSection(SolutionProperties) = preSolution
		HideSolutionNode = FALSE
	EndGlobalSection
	GlobalSection(ExtensibilityGlobals) = postSolution
		SolutionGuid = {CC6FCED5-D26B-4636-B60E-C2568F03D742}
	EndGlobalSection
EndGlobal
